Microsoft Visual Studio Solution File, Format Version 12.00
# Visual Studio Version 17
VisualStudioVersion = 17.13.35919.96
MinimumVisualStudioVersion = 10.0.40219.1
Project("{FAE04EC0-301F-11D3-BF4B-00C04F79EFBC}") = "NavegacionPorInstruccionesExternas", "NavegacionPorInstruccionesExternas\NavegacionPorInstruccionesExternas.csproj", "{F2B5C704-0F1C-4F60-BCEE-4CD24FB415AA}"
EndProject
Global
	GlobalSection(SolutionConfigurationPlatforms) = preSolution
		Debug|Any CPU = Debug|Any CPU
		Release|Any CPU = Release|Any CPU
	EndGlobalSection
	GlobalSection(ProjectConfigurationPlatforms) = postSolution
		{F2B5C704-0F1C-4F60-BCEE-4CD24FB415AA}.Debug|Any CPU.ActiveCfg = Debug|Any CPU
		{F2B5C704-0F1C-4F60-BCEE-4CD24FB415AA}.Debug|Any CPU.Build.0 = Debug|Any CPU
		{F2B5C704-0F1C-4F60-BCEE-4CD24FB415AA}.Release|Any CPU.ActiveCfg = Release|Any CPU
		{F2B5C704-0F1C-4F60-BCEE-4CD24FB415AA}.Release|Any CPU.Build.0 = Release|Any CPU
	EndGlobalSection
	GlobalSection(SolutionProperties) = preSolution
		HideSolutionNode = FALSE
	EndGlobalSection
	GlobalSection(ExtensibilityGlobals) = postSolution
		SolutionGuid = {D4432581-95E9-43BE-8AEE-9B95C2E59DD5}
	EndGlobalSection
EndGlobal
